
Microsoft Visual Studio Solution File, Format Version 12.00
# Visual Studio Version 17
VisualStudioVersion = 17.5.002.0
MinimumVisualStudioVersion = 10.0.40219.1
Project("{9A19103F-16F7-4668-BE54-9A1E7A4F7556}") = "DebugSample", "DebugSample.csproj", "{69AD1770-B896-48A5-A028-70758331BFC7}"
EndProject
Global
	GlobalSection(SolutionConfigurationPlatforms) = preSolution
		Debug|Any CPU = Debug|Any CPU
		Release|Any CPU = Release|Any CPU
	EndGlobalSection
	GlobalSection(ProjectConfigurationPlatforms) = postSolution
		{69AD1770-B896-48A5-A028-70758331BFC7}.Debug|Any CPU.ActiveCfg = Debug|Any CPU
		{69AD1770-B896-48A5-A028-70758331BFC7}.Debug|Any CPU.Build.0 = Debug|Any CPU
		{69AD1770-B896-48A5-A028-70758331BFC7}.Release|Any CPU.ActiveCfg = Release|Any CPU
		{69AD1770-B896-48A5-A028-70758331BFC7}.Release|Any CPU.Build.0 = Release|Any CPU
	EndGlobalSection
	GlobalSection(SolutionProperties) = preSolution
		HideSolutionNode = FALSE
	EndGlobalSection
	GlobalSection(ExtensibilityGlobals) = postSolution
		SolutionGuid = {DC284E37-4F76-49A9-8376-37795EBE668E}
	EndGlobalSection
EndGlobal
